{
  "projects": [
    {
      "projectId": "caTPwKxj5ZrD9LQ7DMdK4Z",
      "version": "3.42.0",
      "dependencies": {},
      "lang": "js",
      "fileLocks": [
        {
          "assetId": "caTPwKxj5ZrD9LQ7DMdK4Z",
          "type": "projectCss",
          "checksum": "1c02168c6b23256606111fdfdbb63549"
        }
      ],
      "codegenVersion": "0.0.1"
    },
    {
      "projectId": "8PtdGodUbexNYgkuyBUcWu",
      "version": "3.29.0",
      "dependencies": {},
      "lang": "js",
      "fileLocks": [
        {
          "assetId": "8PtdGodUbexNYgkuyBUcWu",
          "checksum": "73535dd5df0b6752ddefce5a51e0fa5e",
          "type": "globalContexts"
        },
        {
          "assetId": "8PtdGodUbexNYgkuyBUcWu",
          "type": "projectCss",
          "checksum": "9440f91b1e8169311ba244276a5922c3"
        }
      ],
      "codegenVersion": "0.0.1"
    },
    {
      "projectId": "9Vr5YWkf3w7jj6SsTcCEta",
      "version": "0.15.0",
      "dependencies": {},
      "lang": "js",
      "fileLocks": [
        {
          "assetId": "9Vr5YWkf3w7jj6SsTcCEta",
          "type": "projectCss",
          "checksum": "1c02168c6b23256606111fdfdbb63549"
        }
      ],
      "codegenVersion": "0.0.1"
    },
    {
      "projectId": "jkU633o1Cz7HrJdwdxhVHk",
      "version": "16.15.0",
      "dependencies": {},
      "lang": "js",
      "fileLocks": [
        {
          "assetId": "jkU633o1Cz7HrJdwdxhVHk",
          "type": "projectCss",
          "checksum": "cf57d229ecea50678d9d8d3bc0e3dd9b"
        }
      ],
      "codegenVersion": "0.0.1"
    },
    {
      "projectId": "ohDidvG9XsCeFumugENU3J",
      "version": "6.31.0",
      "dependencies": {},
      "lang": "js",
      "fileLocks": [
        {
          "assetId": "ohDidvG9XsCeFumugENU3J",
          "checksum": "f9cc098ce5640eefe7d9edb8470a210c",
          "type": "globalContexts"
        },
        {
          "assetId": "ohDidvG9XsCeFumugENU3J",
          "type": "projectCss",
          "checksum": "ba2a60a163fca4f4d510275088a2be53"
        }
      ],
      "codegenVersion": "0.0.1"
    },
    {
      "projectId": "seerW9hP5yg4q6Ka6kucWa",
      "version": "latest",
      "dependencies": {
        "ohDidvG9XsCeFumugENU3J": "6.31.0",
        "jkU633o1Cz7HrJdwdxhVHk": "16.15.0",
        "9Vr5YWkf3w7jj6SsTcCEta": "0.15.0",
        "8PtdGodUbexNYgkuyBUcWu": "3.29.0",
        "caTPwKxj5ZrD9LQ7DMdK4Z": "3.42.0"
      },
      "lang": "js",
      "fileLocks": [
        {
          "type": "globalVariant",
          "assetId": "qO7IevvmIHF5",
          "checksum": "82f48c920cd24a6045577d1b42725820"
        },
        {
          "assetId": "seerW9hP5yg4q6Ka6kucWa",
          "checksum": "9e98cdfbe5f7d4ab36df821b778428e6",
          "type": "globalContexts"
        },
        {
          "type": "renderModule",
          "assetId": "TtHLkw-cCR0U",
          "checksum": "e3a240f4bf986082c36bc971b0a2cb08"
        },
        {
          "type": "cssRules",
          "assetId": "TtHLkw-cCR0U",
          "checksum": "e3a240f4bf986082c36bc971b0a2cb08"
        },
        {
          "type": "renderModule",
          "assetId": "Bw4wJzZUy18g",
          "checksum": "cc0059498fa8e90e6dc6619b32333636"
        },
        {
          "type": "cssRules",
          "assetId": "Bw4wJzZUy18g",
          "checksum": "cc0059498fa8e90e6dc6619b32333636"
        },
        {
          "type": "renderModule",
          "assetId": "WMA5tJ2F_x-C",
          "checksum": "d25846d3091a9acb1633ed6c016d4251"
        },
        {
          "type": "cssRules",
          "assetId": "WMA5tJ2F_x-C",
          "checksum": "d25846d3091a9acb1633ed6c016d4251"
        },
        {
          "type": "icon",
          "assetId": "PEdMx9VFaMcn",
          "checksum": "0faaac47ec8e3fdaa88faa8f8e41b351"
        },
        {
          "type": "icon",
          "assetId": "D7zmC-ZaGe86",
          "checksum": "1faa84499d2e2c12b23aa29c71d2893a"
        },
        {
          "type": "icon",
          "assetId": "9eRAu6WYH1k1",
          "checksum": "83a76bd1d8981b634b86116f7374e3bb"
        },
        {
          "type": "icon",
          "assetId": "UjSd7EW9Px5w",
          "checksum": "9d94b349d6e691fe04a79ce59bc2bb78"
        },
        {
          "type": "image",
          "assetId": "U5QQ4PxGneMn",
          "checksum": "0e13e48248d1b014cbb611aa7aaaf5bb"
        },
        {
          "type": "image",
          "assetId": "mQ5P0ehMNf6i",
          "checksum": "c77b0cc74efad403d079977ca6813a80"
        },
        {
          "type": "image",
          "assetId": "f-vUBdPs0Ra0",
          "checksum": "df0d00245cfd668c4482f2466c2efded"
        },
        {
          "assetId": "seerW9hP5yg4q6Ka6kucWa",
          "type": "projectCss",
          "checksum": "9d214b57d64a76e05fe029d10d9ceb2e"
        }
      ],
      "codegenVersion": "0.0.1"
    }
  ],
  "cliVersion": "0.1.337"
}
