{
  "projects": [
    {
      "projectId": "caTPwKxj5ZrD9LQ7DMdK4Z",
      "version": "3.46.0",
      "dependencies": {},
      "lang": "js",
      "fileLocks": [
        {
          "assetId": "caTPwKxj5ZrD9LQ7DMdK4Z",
          "type": "projectCss",
          "checksum": "fd97b5780f8a68a1561c8818e6d31f40"
        },
        {
          "assetId": "caTPwKxj5ZrD9LQ7DMdK4Z",
          "checksum": "efdcd613ac98718578f9c563cd75fd38",
          "type": "projectModule"
        },
        {
          "assetId": "caTPwKxj5ZrD9LQ7DMdK4Z",
          "checksum": "786b5e9825dbcc9f57e650603b1b1624",
          "type": "styleTokensProvider"
        }
      ],
      "codegenVersion": "0.0.2"
    },
    {
      "projectId": "8PtdGodUbexNYgkuyBUcWu",
      "version": "3.32.0",
      "dependencies": {},
      "lang": "js",
      "fileLocks": [
        {
          "assetId": "8PtdGodUbexNYgkuyBUcWu",
          "checksum": "c34deae3be4116372b8f09a576ea3a01",
          "type": "globalContexts"
        },
        {
          "assetId": "8PtdGodUbexNYgkuyBUcWu",
          "type": "projectCss",
          "checksum": "088414e6e971a72681288a050fb2f7d7"
        },
        {
          "assetId": "8PtdGodUbexNYgkuyBUcWu",
          "checksum": "23e35f9a7b22b3e265a5e7ef8ec77a00",
          "type": "projectModule"
        },
        {
          "assetId": "8PtdGodUbexNYgkuyBUcWu",
          "checksum": "f4648e6bffbe30fbcd5b6898f2f6f659",
          "type": "styleTokensProvider"
        }
      ],
      "codegenVersion": "0.0.2"
    },
    {
      "projectId": "9Vr5YWkf3w7jj6SsTcCEta",
      "version": "0.18.0",
      "dependencies": {},
      "lang": "js",
      "fileLocks": [
        {
          "assetId": "9Vr5YWkf3w7jj6SsTcCEta",
          "type": "projectCss",
          "checksum": "fd97b5780f8a68a1561c8818e6d31f40"
        },
        {
          "assetId": "9Vr5YWkf3w7jj6SsTcCEta",
          "checksum": "1c6fc7dbbeaaf0545ebb544b449ee822",
          "type": "projectModule"
        },
        {
          "assetId": "9Vr5YWkf3w7jj6SsTcCEta",
          "checksum": "5f0ee27bcc9dde25f0a1e95f3a1f9280",
          "type": "styleTokensProvider"
        }
      ],
      "codegenVersion": "0.0.2"
    },
    {
      "projectId": "jkU633o1Cz7HrJdwdxhVHk",
      "version": "16.18.0",
      "dependencies": {},
      "lang": "js",
      "fileLocks": [
        {
          "assetId": "jkU633o1Cz7HrJdwdxhVHk",
          "type": "projectCss",
          "checksum": "4250322c58aeb54fc6ad8403fde2b31b"
        },
        {
          "assetId": "jkU633o1Cz7HrJdwdxhVHk",
          "checksum": "320a7a2228b83755d4ac8d326d058d87",
          "type": "projectModule"
        },
        {
          "assetId": "jkU633o1Cz7HrJdwdxhVHk",
          "checksum": "81a28d26cdb269ad6e62d0e61231851d",
          "type": "styleTokensProvider"
        }
      ],
      "codegenVersion": "0.0.2"
    },
    {
      "projectId": "ohDidvG9XsCeFumugENU3J",
      "version": "6.34.0",
      "dependencies": {},
      "lang": "js",
      "fileLocks": [
        {
          "assetId": "ohDidvG9XsCeFumugENU3J",
          "checksum": "f35a7050af9ad27b5adac4d101d88037",
          "type": "globalContexts"
        },
        {
          "assetId": "ohDidvG9XsCeFumugENU3J",
          "type": "projectCss",
          "checksum": "90d914ab6827da8f06873ac8ab81cbfa"
        },
        {
          "assetId": "ohDidvG9XsCeFumugENU3J",
          "checksum": "c425737058d1ac29382a23e54666cb69",
          "type": "projectModule"
        },
        {
          "assetId": "ohDidvG9XsCeFumugENU3J",
          "checksum": "220d8db3ee1a6eca080affb2e5d2e314",
          "type": "styleTokensProvider"
        }
      ],
      "codegenVersion": "0.0.2"
    },
    {
      "projectId": "seerW9hP5yg4q6Ka6kucWa",
      "version": "latest",
      "dependencies": {
        "ohDidvG9XsCeFumugENU3J": "6.34.0",
        "jkU633o1Cz7HrJdwdxhVHk": "16.18.0",
        "9Vr5YWkf3w7jj6SsTcCEta": "0.18.0",
        "8PtdGodUbexNYgkuyBUcWu": "3.32.0",
        "caTPwKxj5ZrD9LQ7DMdK4Z": "3.46.0"
      },
      "lang": "js",
      "fileLocks": [
        {
          "type": "globalVariant",
          "assetId": "qO7IevvmIHF5",
          "checksum": "3c09066caf9ff8c475185945f03905f4"
        },
        {
          "assetId": "seerW9hP5yg4q6Ka6kucWa",
          "checksum": "ad0a777b7681019239185cc9f1c5a61a",
          "type": "globalContexts"
        },
        {
          "type": "renderModule",
          "assetId": "TtHLkw-cCR0U",
          "checksum": "875c0994a464755cdbde2a69401cc286"
        },
        {
          "type": "cssRules",
          "assetId": "TtHLkw-cCR0U",
          "checksum": "875c0994a464755cdbde2a69401cc286"
        },
        {
          "type": "renderModule",
          "assetId": "Bw4wJzZUy18g",
          "checksum": "bc2bf5b274f77fbbe3e8b6b858be4817"
        },
        {
          "type": "cssRules",
          "assetId": "Bw4wJzZUy18g",
          "checksum": "bc2bf5b274f77fbbe3e8b6b858be4817"
        },
        {
          "type": "renderModule",
          "assetId": "WMA5tJ2F_x-C",
          "checksum": "05bad96ae41cf002a3a785f3b1bb0a03"
        },
        {
          "type": "cssRules",
          "assetId": "WMA5tJ2F_x-C",
          "checksum": "05bad96ae41cf002a3a785f3b1bb0a03"
        },
        {
          "type": "icon",
          "assetId": "PEdMx9VFaMcn",
          "checksum": "0faaac47ec8e3fdaa88faa8f8e41b351"
        },
        {
          "type": "icon",
          "assetId": "D7zmC-ZaGe86",
          "checksum": "1faa84499d2e2c12b23aa29c71d2893a"
        },
        {
          "type": "icon",
          "assetId": "9eRAu6WYH1k1",
          "checksum": "83a76bd1d8981b634b86116f7374e3bb"
        },
        {
          "type": "icon",
          "assetId": "UjSd7EW9Px5w",
          "checksum": "9d94b349d6e691fe04a79ce59bc2bb78"
        },
        {
          "type": "image",
          "assetId": "U5QQ4PxGneMn",
          "checksum": "0e13e48248d1b014cbb611aa7aaaf5bb"
        },
        {
          "type": "image",
          "assetId": "mQ5P0ehMNf6i",
          "checksum": "c77b0cc74efad403d079977ca6813a80"
        },
        {
          "type": "image",
          "assetId": "f-vUBdPs0Ra0",
          "checksum": "df0d00245cfd668c4482f2466c2efded"
        },
        {
          "assetId": "seerW9hP5yg4q6Ka6kucWa",
          "checksum": "a9e0c90c46abf6b48d727bd7ef9a878d",
          "type": "projectModule"
        },
        {
          "assetId": "seerW9hP5yg4q6Ka6kucWa",
          "checksum": "1270df8d349740c03f09b07f02af0c3a",
          "type": "styleTokensProvider"
        },
        {
          "type": "renderModule",
          "assetId": "ImA7pb2DyG8q",
          "checksum": "e87ba9dad79f517bc9a418c5cbf4177d"
        },
        {
          "type": "cssRules",
          "assetId": "ImA7pb2DyG8q",
          "checksum": "e87ba9dad79f517bc9a418c5cbf4177d"
        },
        {
          "assetId": "seerW9hP5yg4q6Ka6kucWa",
          "type": "projectCss",
          "checksum": "e521795387f302a80f047a3bd0504345"
        }
      ],
      "codegenVersion": "0.0.2"
    }
  ],
  "cliVersion": "0.1.337"
}
